
Microsoft Visual Studio Solution File, Format Version 12.00
# Visual Studio 14
VisualStudioVersion = 14.0.24720.0
MinimumVisualStudioVersion = 10.0.40219.1
Project("{FAE04EC0-301F-11D3-BF4B-00C04F79EFBC}") = "Innopolis Univwrsity IS", "Innopolis Univwrsity IS\Innopolis Univwrsity IS.csproj", "{9035FB7D-10DF-48E4-96A7-16FBBA1A265D}"
EndProject
Global
	GlobalSection(SolutionConfigurationPlatforms) = preSolution
		Debug|Any CPU = Debug|Any CPU
		Release|Any CPU = Release|Any CPU
	EndGlobalSection
	GlobalSection(ProjectConfigurationPlatforms) = postSolution
		{9035FB7D-10DF-48E4-96A7-16FBBA1A265D}.Debug|Any CPU.ActiveCfg = Debug|Any CPU
		{9035FB7D-10DF-48E4-96A7-16FBBA1A265D}.Debug|Any CPU.Build.0 = Debug|Any CPU
		{9035FB7D-10DF-48E4-96A7-16FBBA1A265D}.Release|Any CPU.ActiveCfg = Release|Any CPU
		{9035FB7D-10DF-48E4-96A7-16FBBA1A265D}.Release|Any CPU.Build.0 = Release|Any CPU
	EndGlobalSection
	GlobalSection(SolutionProperties) = preSolution
		HideSolutionNode = FALSE
	EndGlobalSection
EndGlobal
